
Microsoft Visual Studio Solution File, Format Version 12.00
Project("{FAE04EC0-301F-11D3-BF4B-00C04F79EFBC}") = "KiuChessClub", "KiuChessClub.csproj", "{02089D15-CA55-4ADE-BBB8-9E68D5AB3DAD}"
EndProject
Global
	GlobalSection(SolutionConfigurationPlatforms) = preSolution
		Debug|Any CPU = Debug|Any CPU
		Release|Any CPU = Release|Any CPU
	EndGlobalSection
	GlobalSection(ProjectConfigurationPlatforms) = postSolution
		{02089D15-CA55-4ADE-BBB8-9E68D5AB3DAD}.Debug|Any CPU.ActiveCfg = Debug|Any CPU
		{02089D15-CA55-4ADE-BBB8-9E68D5AB3DAD}.Debug|Any CPU.Build.0 = Debug|Any CPU
		{02089D15-CA55-4ADE-BBB8-9E68D5AB3DAD}.Release|Any CPU.ActiveCfg = Release|Any CPU
		{02089D15-CA55-4ADE-BBB8-9E68D5AB3DAD}.Release|Any CPU.Build.0 = Release|Any CPU
	EndGlobalSection
EndGlobal
